
Microsoft Visual Studio Solution File, Format Version 12.00
# Visual Studio Version 16
VisualStudioVersion = 16.0.29806.167
MinimumVisualStudioVersion = 10.0.40219.1
Project("{FAE04EC0-301F-11D3-BF4B-00C04F79EFBC}") = "Presentation_layer", "Presentation_layer\Presentation_layer.csproj", "{78C68600-379F-4B11-BF7E-3FE86DB604A3}"
	ProjectSection(ProjectDependencies) = postProject
		{A38504AB-8C1F-4BF6-9656-6658BB990EA8} = {A38504AB-8C1F-4BF6-9656-6658BB990EA8}
	EndProjectSection
EndProject
Project("{FAE04EC0-301F-11D3-BF4B-00C04F79EFBC}") = "Data_layer", "Data_layer\Data_layer.csproj", "{A38504AB-8C1F-4BF6-9656-6658BB990EA8}"
EndProject
Global
	GlobalSection(SolutionConfigurationPlatforms) = preSolution
		Debug|Any CPU = Debug|Any CPU
		Release|Any CPU = Release|Any CPU
	EndGlobalSection
	GlobalSection(ProjectConfigurationPlatforms) = postSolution
		{78C68600-379F-4B11-BF7E-3FE86DB604A3}.Debug|Any CPU.ActiveCfg = Debug|Any CPU
		{78C68600-379F-4B11-BF7E-3FE86DB604A3}.Debug|Any CPU.Build.0 = Debug|Any CPU
		{78C68600-379F-4B11-BF7E-3FE86DB604A3}.Release|Any CPU.ActiveCfg = Release|Any CPU
		{78C68600-379F-4B11-BF7E-3FE86DB604A3}.Release|Any CPU.Build.0 = Release|Any CPU
		{A38504AB-8C1F-4BF6-9656-6658BB990EA8}.Debug|Any CPU.ActiveCfg = Debug|Any CPU
		{A38504AB-8C1F-4BF6-9656-6658BB990EA8}.Debug|Any CPU.Build.0 = Debug|Any CPU
		{A38504AB-8C1F-4BF6-9656-6658BB990EA8}.Release|Any CPU.ActiveCfg = Release|Any CPU
		{A38504AB-8C1F-4BF6-9656-6658BB990EA8}.Release|Any CPU.Build.0 = Release|Any CPU
	EndGlobalSection
	GlobalSection(SolutionProperties) = preSolution
		HideSolutionNode = FALSE
	EndGlobalSection
	GlobalSection(ExtensibilityGlobals) = postSolution
		SolutionGuid = {74B6A4A5-7146-4BEF-8147-005DC40E28E9}
	EndGlobalSection
EndGlobal
